
Microsoft Visual Studio Solution File, Format Version 12.00
# Visual Studio Version 17
VisualStudioVersion = 17.6.33829.357
MinimumVisualStudioVersion = 10.0.40219.1
Project("{9A19103F-16F7-4668-BE54-9A1E7A4F7556}") = "MicroDesignations", "MicroDesignations.csproj", "{21C47CFB-C58F-47DD-BB53-0531E5E1DA72}"
EndProject
Global
	GlobalSection(SolutionConfigurationPlatforms) = preSolution
		Debug|Any CPU = Debug|Any CPU
		Release|Any CPU = Release|Any CPU
	EndGlobalSection
	GlobalSection(ProjectConfigurationPlatforms) = postSolution
		{21C47CFB-C58F-47DD-BB53-0531E5E1DA72}.Debug|Any CPU.ActiveCfg = Debug|Any CPU
		{21C47CFB-C58F-47DD-BB53-0531E5E1DA72}.Debug|Any CPU.Build.0 = Debug|Any CPU
		{21C47CFB-C58F-47DD-BB53-0531E5E1DA72}.Release|Any CPU.ActiveCfg = Release|Any CPU
		{21C47CFB-C58F-47DD-BB53-0531E5E1DA72}.Release|Any CPU.Build.0 = Release|Any CPU
	EndGlobalSection
	GlobalSection(SolutionProperties) = preSolution
		HideSolutionNode = FALSE
	EndGlobalSection
	GlobalSection(ExtensibilityGlobals) = postSolution
		SolutionGuid = {F9F94979-DA9F-41FE-9748-24E30BEFC115}
	EndGlobalSection
EndGlobal
